schema: '2.0'
stages:
  download:
    cmd: python src/data/download_dataset.py
    deps:
    - path: src/data/download_dataset.py
      hash: md5
      md5: fa82ac599e7d1ff7a0980e5166d30bc1
      size: 936
    outs:
    - path: data/raw/mit-bih-arrhythmia-database-1.0.0
      hash: md5
      md5: c49f48619f97c94ae6b3aac575375b8e.dir
      size: 109337739
      nfiles: 705
  preprocess:
    cmd: python -m src.data.generate_data --mode deterministic
    deps:
    - path: data/raw/mit-bih-arrhythmia-database-1.0.0
      hash: md5
      md5: c49f48619f97c94ae6b3aac575375b8e.dir
      size: 109337739
      nfiles: 705
    - path: src/data/features.py
      hash: md5
      md5: 00a8771b0f1795e297227e8fafa81fca
      size: 5720
    - path: src/data/generate_data.py
      hash: md5
      md5: dabace4c78988c55043789ae2161d2cb
      size: 3075
    - path: src/data/splitter.py
      hash: md5
      md5: 97072980d42019a7f4d3b03388ad369f
      size: 3981
    - path: src/utils.py
      hash: md5
      md5: ffe1ac56b3acc2ea98806210587f2f80
      size: 6371
    outs:
    - path: data/interim/mitbih_combined_records.csv
      hash: md5
      md5: 16e576d296315fbcbbefe693bb61bf80
      size: 131501971
    - path: data/interim/mitbih_features.csv
      hash: md5
      md5: 06346ea0786f377ac405a92068390cfb
      size: 209448434
    - path: data/interim/mitbih_features_only.csv
      hash: md5
      md5: 195862e97a44f0304924bed1bd1e274e
      size: 79362956
    - path: data/processed/base
      hash: md5
      md5: b8b79fd92b836fae39f464e6d680dccf.dir
      size: 366589780
      nfiles: 3
    - path: data/processed/feat
      hash: md5
      md5: 333e4cb43c509f8bd36d1c743601c438.dir
      size: 458190805
      nfiles: 3
  evaluate:
    cmd: python -m src.evaluate
    deps:
    - path: data/processed/feat/mitbih_test_features.csv
      hash: md5
      md5: 8a02126fbc3d91a57166992467b08f98
      size: 225261499
    - path: src/evaluate.py
      hash: md5
      md5: 4533ad0264c8fe852c619d4588b7556d
      size: 6547
    - path: src/saved_models/modelCNNMLP.keras
      hash: md5
      md5: 1c90c6e15ed3069c3c9fc8cb9d644c37
      size: 11186056
    - path: src/saved_models/modelLSTM.keras
      hash: md5
      md5: f92735dacea17989a9e4cbbcc134581c
      size: 7238080
    - path: src/saved_models/modelSeq2Seq.keras
      hash: md5
      md5: 4d8c62167e720e1b9ffafe11b01bf405
      size: 8908184
    - path: src/saved_models/modelTransformer.keras
      hash: md5
      md5: 307e2340920fb6781081c50121a6c5eb
      size: 284424
