schema: '2.0'
stages:
  download:
    cmd: python src/data/download_dataset.py
    deps:
    - path: src/data/download_dataset.py
      hash: md5
      md5: fa82ac599e7d1ff7a0980e5166d30bc1
      size: 936
    outs:
    - path: data/raw/mit-bih-arrhythmia-database-1.0.0
      hash: md5
      md5: c49f48619f97c94ae6b3aac575375b8e.dir
      size: 109337739
      nfiles: 705
  preprocess:
    cmd: python -m src.data.generate_data --mode deterministic
    deps:
    - path: data/raw/mit-bih-arrhythmia-database-1.0.0
      hash: md5
      md5: c49f48619f97c94ae6b3aac575375b8e.dir
      size: 109337739
      nfiles: 705
    - path: src/data/features.py
      hash: md5
      md5: 3c5f6a7561d4927607872eac35544cc6
      size: 4861
    - path: src/data/generate_data.py
      hash: md5
      md5: dd55a18a0bc1a17d64cd6b4ac140b4c5
      size: 3934
    - path: src/data/splitter.py
      hash: md5
      md5: 1df9e1b51c3b4206069c6fd33aa8019b
      size: 7113
    - path: src/utils.py
      hash: md5
      md5: ae0d5ed8f7d672474f77a00b487caeac
      size: 3949
    outs:
    - path: data/interim/mitbih_combined_records.csv
      hash: md5
      md5: 16e576d296315fbcbbefe693bb61bf80
      size: 131501971
    - path: data/interim/mitbih_features.csv
      hash: md5
      md5: 2869bc74487009ad510c2ae6281da2b0
      size: 194697718
    - path: data/interim/mitbih_features_only.csv
      hash: md5
      md5: 7904dc0ec265c4b11d61f1005067822e
      size: 64612240
    - path: data/processed/base
      hash: md5
      md5: b8b79fd92b836fae39f464e6d680dccf.dir
      size: 366589780
      nfiles: 3
    - path: data/processed/feat
      hash: md5
      md5: db3ccee27e457b25e42266cc4bb9cf5e.dir
      size: 444263107
      nfiles: 3
    - path: data/processed/feat_only
      hash: md5
      md5: c1fe230a8f9f7ff028409630ab54f861.dir
      size: 77726163
      nfiles: 3
    - path: src/saved_models/scaler.joblib
      hash: md5
      md5: 48888f68bd6b65b21c58c6b56617184b
      size: 6039
    - path: src/saved_models/scaler_convxgb.joblib
      hash: md5
      md5: 8e519818237e18bb3737a2ff3d8408bb
      size: 5087
  evaluate:
    cmd: python -m src.evaluate
    deps:
    - path: data/processed/cnn/mitbih_test_cnn.csv
      hash: md5
      md5: 7757414d812e7f54efc4d5da26d746b7
      size: 37318681
    - path: data/processed/feat/mitbih_test_features.csv
      hash: md5
      md5: 28b8e0c980701b55c8e12276ba0fb7a3
      size: 218400136
    - path: src/evaluate.py
      hash: md5
      md5: af0eb82359c33421507400096e871934
      size: 4556
    - path: src/saved_models/modelCNNMLP.keras
      hash: md5
      md5: 7f414da1f4defaa42da2aba258bfd57f
      size: 11143048
    - path: src/saved_models/modelCONVXGB.joblib
      hash: md5
      md5: 09ed8d2f4a8a3ee05cac3dff4950461e
      size: 897412
    - path: src/saved_models/modelXGB.joblib
      hash: md5
      md5: 097ce5cd996cad3c9d7fef0c2c361519
      size: 3504622
  feature_extractor:
    cmd: python -m src.training.feature_extractor
    deps:
    - path: data/processed/base
      hash: md5
      md5: b8b79fd92b836fae39f464e6d680dccf.dir
      size: 366589780
      nfiles: 3
    - path: src/training/feature_extractor.py
      hash: md5
      md5: 5f45e6597b9f8e76062d924e54bcedef
      size: 2993
    outs:
    - path: src/saved_models/feature_extractor.keras
      hash: md5
      md5: c4ae4337036d5f3a77f5a5cad0f6e7d6
      size: 90040
    - path: src/saved_models/feature_extractor.onnx
      hash: md5
      md5: 1fa25d4d0e40134c2455230854e5453d
      size: 59241
  cnn:
    cmd: python -m src.data.generate_data --mode cnn
    deps:
    - path: data/processed/base
      hash: md5
      md5: b8b79fd92b836fae39f464e6d680dccf.dir
      size: 366589780
      nfiles: 3
    - path: src/data/splitter.py
      hash: md5
      md5: 1df9e1b51c3b4206069c6fd33aa8019b
      size: 7113
    - path: src/saved_models/feature_extractor.keras
      hash: md5
      md5: c4ae4337036d5f3a77f5a5cad0f6e7d6
      size: 90040
    outs:
    - path: data/processed/cnn
      hash: md5
      md5: 3f8667cf869957a0baa0fe1e62ed9989.dir
      size: 75585387
      nfiles: 3
